version = 1
revision = 3
requires-python = ">=3.11"

[[package]]
name = "isimotor-rawudp-client"
version = "0.3.0"
source = { url = "https://github.com/marcgardent/isiMotor-RawUDP-Plugin/releases/download/v0.3.0/isimotor_rawudp_client-0.3.0-py3-none-any.whl" }
wheels = [
    { url = "https://github.com/marcgardent/isiMotor-RawUDP-Plugin/releases/download/v0.3.0/isimotor_rawudp_client-0.3.0-py3-none-any.whl", hash = "sha256:a8deeb9f22d794ad651a12d11f571801aae715880994108edbb81890d8422ce2" },
]

[[package]]
name = "simpulse-sdk"
version = "0.1.0"
source = { editable = "." }
dependencies = [
    { name = "isimotor-rawudp-client" },
]

[package.metadata]
requires-dist = [{ name = "isimotor-rawudp-client", url = "https://github.com/marcgardent/isiMotor-RawUDP-Plugin/releases/download/v0.3.0/isimotor_rawudp_client-0.3.0-py3-none-any.whl" }]
